Microsoft Visual Studio Solution File, Format Version 12.00
# Visual Studio Version 17
VisualStudioVersion = 17.5.2.0
MinimumVisualStudioVersion = 10.0.40219.1
Project("{FAE04EC0-301F-11D3-BF4B-00C04F79EFBC}") = "ShogiGame", "ShogiGame.csproj", "{77D58648-C16B-FA1A-9D66-64295EE79793}"
EndProject
Global
	GlobalSection(SolutionConfigurationPlatforms) = preSolution
		Debug|Any CPU = Debug|Any CPU
		Release|Any CPU = Release|Any CPU
	EndGlobalSection
	GlobalSection(ProjectConfigurationPlatforms) = postSolution
		{77D58648-C16B-FA1A-9D66-64295EE79793}.Debug|Any CPU.ActiveCfg = Debug|Any CPU
		{77D58648-C16B-FA1A-9D66-64295EE79793}.Debug|Any CPU.Build.0 = Debug|Any CPU
		{77D58648-C16B-FA1A-9D66-64295EE79793}.Release|Any CPU.ActiveCfg = Release|Any CPU
		{77D58648-C16B-FA1A-9D66-64295EE79793}.Release|Any CPU.Build.0 = Release|Any CPU
	EndGlobalSection
	GlobalSection(SolutionProperties) = preSolution
		HideSolutionNode = FALSE
	EndGlobalSection
	GlobalSection(ExtensibilityGlobals) = postSolution
		SolutionGuid = {FE5DED36-BB6D-48A8-85AD-1D817A3FDD1F}
	EndGlobalSection
EndGlobal
